
Microsoft Visual Studio Solution File, Format Version 12.00
# Visual Studio Version 17
VisualStudioVersion = 17.8.34511.84
MinimumVisualStudioVersion = 10.0.40219.1
Project("{13B669BE-BB05-4DDF-9536-439F39A36129}") = "Assignment7", "Assignment7.phpproj", "{119BF7B8-C29D-465D-8563-D56AEF3CE634}"
EndProject
Global
	GlobalSection(SolutionConfigurationPlatforms) = preSolution
		Debug|Any CPU = Debug|Any CPU
		Release|Any CPU = Release|Any CPU
	EndGlobalSection
	GlobalSection(ProjectConfigurationPlatforms) = postSolution
		{119BF7B8-C29D-465D-8563-D56AEF3CE634}.Debug|Any CPU.ActiveCfg = Debug|Any CPU
		{119BF7B8-C29D-465D-8563-D56AEF3CE634}.Debug|Any CPU.Build.0 = Debug|Any CPU
		{119BF7B8-C29D-465D-8563-D56AEF3CE634}.Release|Any CPU.ActiveCfg = Release|Any CPU
		{119BF7B8-C29D-465D-8563-D56AEF3CE634}.Release|Any CPU.Build.0 = Release|Any CPU
	EndGlobalSection
	GlobalSection(SolutionProperties) = preSolution
		HideSolutionNode = FALSE
	EndGlobalSection
	GlobalSection(ExtensibilityGlobals) = postSolution
		SolutionGuid = {2ADF084B-9B23-4D3E-8E5B-51272A33E7A3}
	EndGlobalSection
EndGlobal
